
Microsoft Visual Studio Solution File, Format Version 12.00
# Visual Studio Version 16
VisualStudioVersion = 16.0.31624.102
MinimumVisualStudioVersion = 10.0.40219.1
Project("{888888A0-9F3D-457C-B088-3A5042F75D52}") = "Stack_Implementation", "Stack_Implementation\Stack_Implementation.pyproj", "{B21EA6C8-48F1-48F1-831B-F4D0F8C6F0C5}"
EndProject
Global
	GlobalSection(SolutionConfigurationPlatforms) = preSolution
		Debug|Any CPU = Debug|Any CPU
		Release|Any CPU = Release|Any CPU
	EndGlobalSection
	GlobalSection(ProjectConfigurationPlatforms) = postSolution
		{B21EA6C8-48F1-48F1-831B-F4D0F8C6F0C5}.Debug|Any CPU.ActiveCfg = Debug|Any CPU
		{B21EA6C8-48F1-48F1-831B-F4D0F8C6F0C5}.Release|Any CPU.ActiveCfg = Release|Any CPU
	EndGlobalSection
	GlobalSection(SolutionProperties) = preSolution
		HideSolutionNode = FALSE
	EndGlobalSection
	GlobalSection(ExtensibilityGlobals) = postSolution
		SolutionGuid = {1B3051DD-8AC0-4FC4-BDAC-12E93A157F34}
	EndGlobalSection
EndGlobal
